# THIS IS AN AUTOGENERATED FILE. DO NOT EDIT THIS FILE DIRECTLY.
# yarn lockfile v1


"@hotwired/turbo-rails@^8.0.12":
  version "8.0.13"
  resolved "https://registry.yarnpkg.com/@hotwired/turbo-rails/-/turbo-rails-8.0.13.tgz#7016651f7144053992ce5096bb95495f8faa5854"
  integrity sha512-6SCnnOSzhtaJ0pNkAjncZxjtKsK3sP/vPEkCnTXBXSHkr+vF7DTZkOlwjhms1DbbQNTsjCsBoKvzSMbh/omSCQ==
  dependencies:
    "@hotwired/turbo" "^8.0.13"
    "@rails/actioncable" "^7.0"

"@hotwired/turbo@^8.0.13":
  version "8.0.13"
  resolved "https://registry.yarnpkg.com/@hotwired/turbo/-/turbo-8.0.13.tgz#ab35fda9d358432c8a872a833844b38cccb8c25b"
  integrity sha512-M7qXUqcGab6G5PKOiwhgbByTtrPgKPFCTMNQ52QhzUEXEqmp0/ApEguUesh/FPiUjrmFec+3lq98KsWnYY2C7g==

"@rails/actioncable@^7.0":
  version "7.2.201"
  resolved "https://registry.yarnpkg.com/@rails/actioncable/-/actioncable-7.2.201.tgz#bfb3da01b3e2462f5a18f372c52dedd7de76037f"
  integrity sha512-wsTdWoZ5EfG5k3t7ORdyQF0ZmDEgN4aVPCanHAiNEwCROqibSZMXXmCbH7IDJUVri4FOeAVwwbPINI7HVHPKBw==
